
Microsoft Visual Studio Solution File, Format Version 12.00
# Visual Studio Version 17
VisualStudioVersion = 17.2.32616.157
MinimumVisualStudioVersion = 10.0.40219.1
Project("{9A19103F-16F7-4668-BE54-9A1E7A4F7556}") = "HAcgReader", "src\HAcgReader\HAcgReader.csproj", "{5AAB8C65-4271-4F4B-8F7A-B73B94AD5157}"
EndProject
Project("{2150E333-8FDC-42A3-9474-1A3956D46DE8}") = "解决方案项", "解决方案项", "{DAC0024D-C0D4-4343-AB12-1F21C13166C5}"
	ProjectSection(SolutionItems) = preProject
		.editorconfig = .editorconfig
		.gitignore = .gitignore
		LICENSE = LICENSE
		README.md = README.md
	EndProjectSection
EndProject
Project("{9A19103F-16F7-4668-BE54-9A1E7A4F7556}") = "HAcgReader.Test", "test\HAcgReader.Test\HAcgReader.Test.csproj", "{B1F13BEA-AF03-456A-BB83-D63C8D69A3E8}"
EndProject
Global
	GlobalSection(SolutionConfigurationPlatforms) = preSolution
		Debug|Any CPU = Debug|Any CPU
		Release|Any CPU = Release|Any CPU
	EndGlobalSection
	GlobalSection(ProjectConfigurationPlatforms) = postSolution
		{5AAB8C65-4271-4F4B-8F7A-B73B94AD5157}.Debug|Any CPU.ActiveCfg = Debug|Any CPU
		{5AAB8C65-4271-4F4B-8F7A-B73B94AD5157}.Debug|Any CPU.Build.0 = Debug|Any CPU
		{5AAB8C65-4271-4F4B-8F7A-B73B94AD5157}.Release|Any CPU.ActiveCfg = Release|Any CPU
		{5AAB8C65-4271-4F4B-8F7A-B73B94AD5157}.Release|Any CPU.Build.0 = Release|Any CPU
		{B1F13BEA-AF03-456A-BB83-D63C8D69A3E8}.Debug|Any CPU.ActiveCfg = Debug|Any CPU
		{B1F13BEA-AF03-456A-BB83-D63C8D69A3E8}.Debug|Any CPU.Build.0 = Debug|Any CPU
		{B1F13BEA-AF03-456A-BB83-D63C8D69A3E8}.Release|Any CPU.ActiveCfg = Release|Any CPU
		{B1F13BEA-AF03-456A-BB83-D63C8D69A3E8}.Release|Any CPU.Build.0 = Release|Any CPU
	EndGlobalSection
	GlobalSection(SolutionProperties) = preSolution
		HideSolutionNode = FALSE
	EndGlobalSection
	GlobalSection(ExtensibilityGlobals) = postSolution
		SolutionGuid = {9439EC8A-B1C6-4748-AFB4-B1EAF2EDCED9}
	EndGlobalSection
EndGlobal
